
Microsoft Visual Studio Solution File, Format Version 12.00
# Visual Studio Version 16
VisualStudioVersion = 16.0.29123.88
MinimumVisualStudioVersion = 10.0.40219.1
Project("{9A19103F-16F7-4668-BE54-9A1E7A4F7556}") = "MyVet.Common", "MyVet.Common\MyVet.Common.csproj", "{268174B5-532B-4F07-AAA5-87447358BEE5}"
EndProject
Project("{9A19103F-16F7-4668-BE54-9A1E7A4F7556}") = "MyVet.Web", "MyVet.Web\MyVet.Web.csproj", "{CF287C87-1C28-4E63-A58F-E51890EC4239}"
EndProject
Project("{FAE04EC0-301F-11D3-BF4B-00C04F79EFBC}") = "MyVet.Prism", "MyVet.Prism\MyVet.Prism\MyVet.Prism.csproj", "{E2EE7E37-1D28-4E10-8FE0-D84F5320FAFA}"
EndProject
Project("{FAE04EC0-301F-11D3-BF4B-00C04F79EFBC}") = "MyVet.Prism.Android", "MyVet.Prism\MyVet.Prism.Android\MyVet.Prism.Android.csproj", "{E0C19746-5876-4437-9731-3E28EA64E7DD}"
EndProject
Project("{FAE04EC0-301F-11D3-BF4B-00C04F79EFBC}") = "MyVet.Prism.iOS", "MyVet.Prism\MyVet.Prism.iOS\MyVet.Prism.iOS.csproj", "{8D181C85-3A15-4156-A517-AA877B63D15F}"
EndProject
Global
	GlobalSection(SolutionConfigurationPlatforms) = preSolution
		Ad-Hoc|Any CPU = Ad-Hoc|Any CPU
		Ad-Hoc|iPhone = Ad-Hoc|iPhone
		Ad-Hoc|iPhoneSimulator = Ad-Hoc|iPhoneSimulator
		AppStore|Any CPU = AppStore|Any CPU
		AppStore|iPhone = AppStore|iPhone
		AppStore|iPhoneSimulator = AppStore|iPhoneSimulator
		Debug|Any CPU = Debug|Any CPU
		Debug|iPhone = Debug|iPhone
		Debug|iPhoneSimulator = Debug|iPhoneSimulator
		Release|Any CPU = Release|Any CPU
		Release|iPhone = Release|iPhone
		Release|iPhoneSimulator = Release|iPhoneSimulator
	EndGlobalSection
	GlobalSection(ProjectConfigurationPlatforms) = postSolution
		{268174B5-532B-4F07-AAA5-87447358BEE5}.Ad-Hoc|Any CPU.ActiveCfg = Release|Any CPU
		{268174B5-532B-4F07-AAA5-87447358BEE5}.Ad-Hoc|Any CPU.Build.0 = Release|Any CPU
		{268174B5-532B-4F07-AAA5-87447358BEE5}.Ad-Hoc|iPhone.ActiveCfg = Release|Any CPU
		{268174B5-532B-4F07-AAA5-87447358BEE5}.Ad-Hoc|iPhone.Build.0 = Release|Any CPU
		{268174B5-532B-4F07-AAA5-87447358BEE5}.Ad-Hoc|iPhoneSimulator.ActiveCfg = Release|Any CPU
		{268174B5-532B-4F07-AAA5-87447358BEE5}.Ad-Hoc|iPhoneSimulator.Build.0 = Release|Any CPU
		{268174B5-532B-4F07-AAA5-87447358BEE5}.AppStore|Any CPU.ActiveCfg = Release|Any CPU
		{268174B5-532B-4F07-AAA5-87447358BEE5}.AppStore|Any CPU.Build.0 = Release|Any CPU
		{268174B5-532B-4F07-AAA5-87447358BEE5}.AppStore|iPhone.ActiveCfg = Release|Any CPU
		{268174B5-532B-4F07-AAA5-87447358BEE5}.AppStore|iPhone.Build.0 = Release|Any CPU
		{268174B5-532B-4F07-AAA5-87447358BEE5}.AppStore|iPhoneSimulator.ActiveCfg = Release|Any CPU
		{268174B5-532B-4F07-AAA5-87447358BEE5}.AppStore|iPhoneSimulator.Build.0 = Release|Any CPU
		{268174B5-532B-4F07-AAA5-87447358BEE5}.Debug|Any CPU.ActiveCfg = Debug|Any CPU
		{268174B5-532B-4F07-AAA5-87447358BEE5}.Debug|Any CPU.Build.0 = Debug|Any CPU
		{268174B5-532B-4F07-AAA5-87447358BEE5}.Debug|iPhone.ActiveCfg = Debug|Any CPU
		{268174B5-532B-4F07-AAA5-87447358BEE5}.Debug|iPhone.Build.0 = Debug|Any CPU
		{268174B5-532B-4F07-AAA5-87447358BEE5}.Debug|iPhoneSimulator.ActiveCfg = Debug|Any CPU
		{268174B5-532B-4F07-AAA5-87447358BEE5}.Debug|iPhoneSimulator.Build.0 = Debug|Any CPU
		{268174B5-532B-4F07-AAA5-87447358BEE5}.Release|Any CPU.ActiveCfg = Release|Any CPU
		{268174B5-532B-4F07-AAA5-87447358BEE5}.Release|Any CPU.Build.0 = Release|Any CPU
		{268174B5-532B-4F07-AAA5-87447358BEE5}.Release|iPhone.ActiveCfg = Release|Any CPU
		{268174B5-532B-4F07-AAA5-87447358BEE5}.Release|iPhone.Build.0 = Release|Any CPU
		{268174B5-532B-4F07-AAA5-87447358BEE5}.Release|iPhoneSimulator.ActiveCfg = Release|Any CPU
		{268174B5-532B-4F07-AAA5-87447358BEE5}.Release|iPhoneSimulator.Build.0 = Release|Any CPU
		{CF287C87-1C28-4E63-A58F-E51890EC4239}.Ad-Hoc|Any CPU.ActiveCfg = Release|Any CPU
		{CF287C87-1C28-4E63-A58F-E51890EC4239}.Ad-Hoc|Any CPU.Build.0 = Release|Any CPU
		{CF287C87-1C28-4E63-A58F-E51890EC4239}.Ad-Hoc|iPhone.ActiveCfg = Release|Any CPU
		{CF287C87-1C28-4E63-A58F-E51890EC4239}.Ad-Hoc|iPhone.Build.0 = Release|Any CPU
		{CF287C87-1C28-4E63-A58F-E51890EC4239}.Ad-Hoc|iPhoneSimulator.ActiveCfg = Release|Any CPU
		{CF287C87-1C28-4E63-A58F-E51890EC4239}.Ad-Hoc|iPhoneSimulator.Build.0 = Release|Any CPU
		{CF287C87-1C28-4E63-A58F-E51890EC4239}.AppStore|Any CPU.ActiveCfg = Release|Any CPU
		{CF287C87-1C28-4E63-A58F-E51890EC4239}.AppStore|Any CPU.Build.0 = Release|Any CPU
		{CF287C87-1C28-4E63-A58F-E51890EC4239}.AppStore|iPhone.ActiveCfg = Release|Any CPU
		{CF287C87-1C28-4E63-A58F-E51890EC4239}.AppStore|iPhone.Build.0 = Release|Any CPU
		{CF287C87-1C28-4E63-A58F-E51890EC4239}.AppStore|iPhoneSimulator.ActiveCfg = Release|Any CPU
		{CF287C87-1C28-4E63-A58F-E51890EC4239}.AppStore|iPhoneSimulator.Build.0 = Release|Any CPU
		{CF287C87-1C28-4E63-A58F-E51890EC4239}.Debug|Any CPU.ActiveCfg = Debug|Any CPU
		{CF287C87-1C28-4E63-A58F-E51890EC4239}.Debug|Any CPU.Build.0 = Debug|Any CPU
		{CF287C87-1C28-4E63-A58F-E51890EC4239}.Debug|iPhone.ActiveCfg = Debug|Any CPU
		{CF287C87-1C28-4E63-A58F-E51890EC4239}.Debug|iPhone.Build.0 = Debug|Any CPU
		{CF287C87-1C28-4E63-A58F-E51890EC4239}.Debug|iPhoneSimulator.ActiveCfg = Debug|Any CPU
		{CF287C87-1C28-4E63-A58F-E51890EC4239}.Debug|iPhoneSimulator.Build.0 = Debug|Any CPU
		{CF287C87-1C28-4E63-A58F-E51890EC4239}.Release|Any CPU.ActiveCfg = Release|Any CPU
		{CF287C87-1C28-4E63-A58F-E51890EC4239}.Release|Any CPU.Build.0 = Release|Any CPU
		{CF287C87-1C28-4E63-A58F-E51890EC4239}.Release|iPhone.ActiveCfg = Release|Any CPU
		{CF287C87-1C28-4E63-A58F-E51890EC4239}.Release|iPhone.Build.0 = Release|Any CPU
		{CF287C87-1C28-4E63-A58F-E51890EC4239}.Release|iPhoneSimulator.ActiveCfg = Release|Any CPU
		{CF287C87-1C28-4E63-A58F-E51890EC4239}.Release|iPhoneSimulator.Build.0 = Release|Any CPU
		{E2EE7E37-1D28-4E10-8FE0-D84F5320FAFA}.Ad-Hoc|Any CPU.ActiveCfg = Debug|Any CPU
		{E2EE7E37-1D28-4E10-8FE0-D84F5320FAFA}.Ad-Hoc|Any CPU.Build.0 = Debug|Any CPU
		{E2EE7E37-1D28-4E10-8FE0-D84F5320FAFA}.Ad-Hoc|iPhone.ActiveCfg = Debug|Any CPU
		{E2EE7E37-1D28-4E10-8FE0-D84F5320FAFA}.Ad-Hoc|iPhone.Build.0 = Debug|Any CPU
		{E2EE7E37-1D28-4E10-8FE0-D84F5320FAFA}.Ad-Hoc|iPhoneSimulator.ActiveCfg = Debug|Any CPU
		{E2EE7E37-1D28-4E10-8FE0-D84F5320FAFA}.Ad-Hoc|iPhoneSimulator.Build.0 = Debug|Any CPU
		{E2EE7E37-1D28-4E10-8FE0-D84F5320FAFA}.AppStore|Any CPU.ActiveCfg = Debug|Any CPU
		{E2EE7E37-1D28-4E10-8FE0-D84F5320FAFA}.AppStore|Any CPU.Build.0 = Debug|Any CPU
		{E2EE7E37-1D28-4E10-8FE0-D84F5320FAFA}.AppStore|iPhone.ActiveCfg = Debug|Any CPU
		{E2EE7E37-1D28-4E10-8FE0-D84F5320FAFA}.AppStore|iPhone.Build.0 = Debug|Any CPU
		{E2EE7E37-1D28-4E10-8FE0-D84F5320FAFA}.AppStore|iPhoneSimulator.ActiveCfg = Debug|Any CPU
		{E2EE7E37-1D28-4E10-8FE0-D84F5320FAFA}.AppStore|iPhoneSimulator.Build.0 = Debug|Any CPU
		{E2EE7E37-1D28-4E10-8FE0-D84F5320FAFA}.Debug|Any CPU.ActiveCfg = Debug|Any CPU
		{E2EE7E37-1D28-4E10-8FE0-D84F5320FAFA}.Debug|Any CPU.Build.0 = Debug|Any CPU
		{E2EE7E37-1D28-4E10-8FE0-D84F5320FAFA}.Debug|iPhone.ActiveCfg = Debug|Any CPU
		{E2EE7E37-1D28-4E10-8FE0-D84F5320FAFA}.Debug|iPhone.Build.0 = Debug|Any CPU
		{E2EE7E37-1D28-4E10-8FE0-D84F5320FAFA}.Debug|iPhoneSimulator.ActiveCfg = Debug|Any CPU
		{E2EE7E37-1D28-4E10-8FE0-D84F5320FAFA}.Debug|iPhoneSimulator.Build.0 = Debug|Any CPU
		{E2EE7E37-1D28-4E10-8FE0-D84F5320FAFA}.Release|Any CPU.ActiveCfg = Release|Any CPU
		{E2EE7E37-1D28-4E10-8FE0-D84F5320FAFA}.Release|Any CPU.Build.0 = Release|Any CPU
		{E2EE7E37-1D28-4E10-8FE0-D84F5320FAFA}.Release|iPhone.ActiveCfg = Release|Any CPU
		{E2EE7E37-1D28-4E10-8FE0-D84F5320FAFA}.Release|iPhone.Build.0 = Release|Any CPU
		{E2EE7E37-1D28-4E10-8FE0-D84F5320FAFA}.Release|iPhoneSimulator.ActiveCfg = Release|Any CPU
		{E2EE7E37-1D28-4E10-8FE0-D84F5320FAFA}.Release|iPhoneSimulator.Build.0 = Release|Any CPU
		{E0C19746-5876-4437-9731-3E28EA64E7DD}.Ad-Hoc|Any CPU.ActiveCfg = Release|Any CPU
		{E0C19746-5876-4437-9731-3E28EA64E7DD}.Ad-Hoc|Any CPU.Build.0 = Release|Any CPU
		{E0C19746-5876-4437-9731-3E28EA64E7DD}.Ad-Hoc|Any CPU.Deploy.0 = Release|Any CPU
		{E0C19746-5876-4437-9731-3E28EA64E7DD}.Ad-Hoc|iPhone.ActiveCfg = Release|Any CPU
		{E0C19746-5876-4437-9731-3E28EA64E7DD}.Ad-Hoc|iPhone.Build.0 = Release|Any CPU
		{E0C19746-5876-4437-9731-3E28EA64E7DD}.Ad-Hoc|iPhone.Deploy.0 = Release|Any CPU
		{E0C19746-5876-4437-9731-3E28EA64E7DD}.Ad-Hoc|iPhoneSimulator.ActiveCfg = Release|Any CPU
		{E0C19746-5876-4437-9731-3E28EA64E7DD}.Ad-Hoc|iPhoneSimulator.Build.0 = Release|Any CPU
		{E0C19746-5876-4437-9731-3E28EA64E7DD}.Ad-Hoc|iPhoneSimulator.Deploy.0 = Release|Any CPU
		{E0C19746-5876-4437-9731-3E28EA64E7DD}.AppStore|Any CPU.ActiveCfg = Release|Any CPU
		{E0C19746-5876-4437-9731-3E28EA64E7DD}.AppStore|Any CPU.Build.0 = Release|Any CPU
		{E0C19746-5876-4437-9731-3E28EA64E7DD}.AppStore|Any CPU.Deploy.0 = Release|Any CPU
		{E0C19746-5876-4437-9731-3E28EA64E7DD}.AppStore|iPhone.ActiveCfg = Release|Any CPU
		{E0C19746-5876-4437-9731-3E28EA64E7DD}.AppStore|iPhone.Build.0 = Release|Any CPU
		{E0C19746-5876-4437-9731-3E28EA64E7DD}.AppStore|iPhone.Deploy.0 = Release|Any CPU
		{E0C19746-5876-4437-9731-3E28EA64E7DD}.AppStore|iPhoneSimulator.ActiveCfg = Release|Any CPU
		{E0C19746-5876-4437-9731-3E28EA64E7DD}.AppStore|iPhoneSimulator.Build.0 = Release|Any CPU
		{E0C19746-5876-4437-9731-3E28EA64E7DD}.AppStore|iPhoneSimulator.Deploy.0 = Release|Any CPU
		{E0C19746-5876-4437-9731-3E28EA64E7DD}.Debug|Any CPU.ActiveCfg = Debug|Any CPU
		{E0C19746-5876-4437-9731-3E28EA64E7DD}.Debug|Any CPU.Build.0 = Debug|Any CPU
		{E0C19746-5876-4437-9731-3E28EA64E7DD}.Debug|Any CPU.Deploy.0 = Debug|Any CPU
		{E0C19746-5876-4437-9731-3E28EA64E7DD}.Debug|iPhone.ActiveCfg = Debug|Any CPU
		{E0C19746-5876-4437-9731-3E28EA64E7DD}.Debug|iPhone.Build.0 = Debug|Any CPU
		{E0C19746-5876-4437-9731-3E28EA64E7DD}.Debug|iPhone.Deploy.0 = Debug|Any CPU
		{E0C19746-5876-4437-9731-3E28EA64E7DD}.Debug|iPhoneSimulator.ActiveCfg = Debug|Any CPU
		{E0C19746-5876-4437-9731-3E28EA64E7DD}.Debug|iPhoneSimulator.Build.0 = Debug|Any CPU
		{E0C19746-5876-4437-9731-3E28EA64E7DD}.Debug|iPhoneSimulator.Deploy.0 = Debug|Any CPU
		{E0C19746-5876-4437-9731-3E28EA64E7DD}.Release|Any CPU.ActiveCfg = Release|Any CPU
		{E0C19746-5876-4437-9731-3E28EA64E7DD}.Release|Any CPU.Build.0 = Release|Any CPU
		{E0C19746-5876-4437-9731-3E28EA64E7DD}.Release|Any CPU.Deploy.0 = Release|Any CPU
		{E0C19746-5876-4437-9731-3E28EA64E7DD}.Release|iPhone.ActiveCfg = Release|Any CPU
		{E0C19746-5876-4437-9731-3E28EA64E7DD}.Release|iPhone.Build.0 = Release|Any CPU
		{E0C19746-5876-4437-9731-3E28EA64E7DD}.Release|iPhone.Deploy.0 = Release|Any CPU
		{E0C19746-5876-4437-9731-3E28EA64E7DD}.Release|iPhoneSimulator.ActiveCfg = Release|Any CPU
		{E0C19746-5876-4437-9731-3E28EA64E7DD}.Release|iPhoneSimulator.Build.0 = Release|Any CPU
		{E0C19746-5876-4437-9731-3E28EA64E7DD}.Release|iPhoneSimulator.Deploy.0 = Release|Any CPU
		{8D181C85-3A15-4156-A517-AA877B63D15F}.Ad-Hoc|Any CPU.ActiveCfg = Ad-Hoc|iPhone
		{8D181C85-3A15-4156-A517-AA877B63D15F}.Ad-Hoc|iPhone.ActiveCfg = Ad-Hoc|iPhone
		{8D181C85-3A15-4156-A517-AA877B63D15F}.Ad-Hoc|iPhone.Build.0 = Ad-Hoc|iPhone
		{8D181C85-3A15-4156-A517-AA877B63D15F}.Ad-Hoc|iPhoneSimulator.ActiveCfg = Ad-Hoc|iPhoneSimulator
		{8D181C85-3A15-4156-A517-AA877B63D15F}.Ad-Hoc|iPhoneSimulator.Build.0 = Ad-Hoc|iPhoneSimulator
		{8D181C85-3A15-4156-A517-AA877B63D15F}.AppStore|Any CPU.ActiveCfg = AppStore|iPhone
		{8D181C85-3A15-4156-A517-AA877B63D15F}.AppStore|iPhone.ActiveCfg = AppStore|iPhone
		{8D181C85-3A15-4156-A517-AA877B63D15F}.AppStore|iPhone.Build.0 = AppStore|iPhone
		{8D181C85-3A15-4156-A517-AA877B63D15F}.AppStore|iPhoneSimulator.ActiveCfg = AppStore|iPhoneSimulator
		{8D181C85-3A15-4156-A517-AA877B63D15F}.AppStore|iPhoneSimulator.Build.0 = AppStore|iPhoneSimulator
		{8D181C85-3A15-4156-A517-AA877B63D15F}.Debug|Any CPU.ActiveCfg = Debug|iPhone
		{8D181C85-3A15-4156-A517-AA877B63D15F}.Debug|iPhone.ActiveCfg = Debug|iPhone
		{8D181C85-3A15-4156-A517-AA877B63D15F}.Debug|iPhone.Build.0 = Debug|iPhone
		{8D181C85-3A15-4156-A517-AA877B63D15F}.Debug|iPhoneSimulator.ActiveCfg = Debug|iPhoneSimulator
		{8D181C85-3A15-4156-A517-AA877B63D15F}.Debug|iPhoneSimulator.Build.0 = Debug|iPhoneSimulator
		{8D181C85-3A15-4156-A517-AA877B63D15F}.Release|Any CPU.ActiveCfg = Release|iPhone
		{8D181C85-3A15-4156-A517-AA877B63D15F}.Release|iPhone.ActiveCfg = Release|iPhone
		{8D181C85-3A15-4156-A517-AA877B63D15F}.Release|iPhone.Build.0 = Release|iPhone
		{8D181C85-3A15-4156-A517-AA877B63D15F}.Release|iPhoneSimulator.ActiveCfg = Release|iPhoneSimulator
		{8D181C85-3A15-4156-A517-AA877B63D15F}.Release|iPhoneSimulator.Build.0 = Release|iPhoneSimulator
	EndGlobalSection
	GlobalSection(SolutionProperties) = preSolution
		HideSolutionNode = FALSE
	EndGlobalSection
	GlobalSection(ExtensibilityGlobals) = postSolution
		SolutionGuid = {4A04C730-06E0-47D8-B393-29191C72BABD}
	EndGlobalSection
EndGlobal
